
Microsoft Visual Studio Solution File, Format Version 12.00
# Visual Studio 15
VisualStudioVersion = 15.0.28307.168
MinimumVisualStudioVersion = 10.0.40219.1
Project("{9A19103F-16F7-4668-BE54-9A1E7A4F7556}") = "API", "src\API\API.csproj", "{721C538F-A583-4E17-8EAC-A1CAA581BFD9}"
EndProject
Project("{9A19103F-16F7-4668-BE54-9A1E7A4F7556}") = "Domain", "src\Domain\Domain.csproj", "{2FA410F8-3BD1-4427-B60B-FBFE8BCA8213}"
EndProject
Project("{9A19103F-16F7-4668-BE54-9A1E7A4F7556}") = "Infra.Data", "src\Infra.Data\Infra.Data.csproj", "{BB52D274-30EC-486D-B674-38212B8A0759}"
EndProject
Project("{9A19103F-16F7-4668-BE54-9A1E7A4F7556}") = "IoC", "src\IoC\IoC.csproj", "{8A42D800-99FC-4302-B6CE-709DD0235830}"
EndProject
Project("{9A19103F-16F7-4668-BE54-9A1E7A4F7556}") = "Tests", "src\Tests\Tests.csproj", "{987BFC93-3E72-4DDF-A872-8BBF3AC5FD0C}"
EndProject
Global
	GlobalSection(SolutionConfigurationPlatforms) = preSolution
		Debug|Any CPU = Debug|Any CPU
		Release|Any CPU = Release|Any CPU
	EndGlobalSection
	GlobalSection(ProjectConfigurationPlatforms) = postSolution
		{721C538F-A583-4E17-8EAC-A1CAA581BFD9}.Debug|Any CPU.ActiveCfg = Debug|Any CPU
		{721C538F-A583-4E17-8EAC-A1CAA581BFD9}.Debug|Any CPU.Build.0 = Debug|Any CPU
		{721C538F-A583-4E17-8EAC-A1CAA581BFD9}.Release|Any CPU.ActiveCfg = Release|Any CPU
		{721C538F-A583-4E17-8EAC-A1CAA581BFD9}.Release|Any CPU.Build.0 = Release|Any CPU
		{2FA410F8-3BD1-4427-B60B-FBFE8BCA8213}.Debug|Any CPU.ActiveCfg = Debug|Any CPU
		{2FA410F8-3BD1-4427-B60B-FBFE8BCA8213}.Debug|Any CPU.Build.0 = Debug|Any CPU
		{2FA410F8-3BD1-4427-B60B-FBFE8BCA8213}.Release|Any CPU.ActiveCfg = Release|Any CPU
		{2FA410F8-3BD1-4427-B60B-FBFE8BCA8213}.Release|Any CPU.Build.0 = Release|Any CPU
		{BB52D274-30EC-486D-B674-38212B8A0759}.Debug|Any CPU.ActiveCfg = Debug|Any CPU
		{BB52D274-30EC-486D-B674-38212B8A0759}.Debug|Any CPU.Build.0 = Debug|Any CPU
		{BB52D274-30EC-486D-B674-38212B8A0759}.Release|Any CPU.ActiveCfg = Release|Any CPU
		{BB52D274-30EC-486D-B674-38212B8A0759}.Release|Any CPU.Build.0 = Release|Any CPU
		{8A42D800-99FC-4302-B6CE-709DD0235830}.Debug|Any CPU.ActiveCfg = Debug|Any CPU
		{8A42D800-99FC-4302-B6CE-709DD0235830}.Debug|Any CPU.Build.0 = Debug|Any CPU
		{8A42D800-99FC-4302-B6CE-709DD0235830}.Release|Any CPU.ActiveCfg = Release|Any CPU
		{8A42D800-99FC-4302-B6CE-709DD0235830}.Release|Any CPU.Build.0 = Release|Any CPU
		{987BFC93-3E72-4DDF-A872-8BBF3AC5FD0C}.Debug|Any CPU.ActiveCfg = Debug|Any CPU
		{987BFC93-3E72-4DDF-A872-8BBF3AC5FD0C}.Debug|Any CPU.Build.0 = Debug|Any CPU
		{987BFC93-3E72-4DDF-A872-8BBF3AC5FD0C}.Release|Any CPU.ActiveCfg = Release|Any CPU
		{987BFC93-3E72-4DDF-A872-8BBF3AC5FD0C}.Release|Any CPU.Build.0 = Release|Any CPU
	EndGlobalSection
	GlobalSection(SolutionProperties) = preSolution
		HideSolutionNode = FALSE
	EndGlobalSection
	GlobalSection(ExtensibilityGlobals) = postSolution
		SolutionGuid = {189E52E5-0BEE-4018-BC37-26EFC8DE0816}
	EndGlobalSection
EndGlobal
